
Microsoft Visual Studio Solution File, Format Version 12.00
# Visual Studio Version 16
VisualStudioVersion = 16.0.31112.23
MinimumVisualStudioVersion = 10.0.40219.1
Project("{FAE04EC0-301F-11D3-BF4B-00C04F79EFBC}") = "PlagueGun", "PlagueGun\PlagueGun.csproj", "{388A0654-3EE1-4A29-A205-5EA7D2BA26FD}"
EndProject
Global
	GlobalSection(SolutionConfigurationPlatforms) = preSolution
		Debug|Any CPU = Debug|Any CPU
		Release|Any CPU = Release|Any CPU
	EndGlobalSection
	GlobalSection(ProjectConfigurationPlatforms) = postSolution
		{388A0654-3EE1-4A29-A205-5EA7D2BA26FD}.Debug|Any CPU.ActiveCfg = Debug|Any CPU
		{388A0654-3EE1-4A29-A205-5EA7D2BA26FD}.Debug|Any CPU.Build.0 = Debug|Any CPU
		{388A0654-3EE1-4A29-A205-5EA7D2BA26FD}.Release|Any CPU.ActiveCfg = Release|Any CPU
		{388A0654-3EE1-4A29-A205-5EA7D2BA26FD}.Release|Any CPU.Build.0 = Release|Any CPU
	EndGlobalSection
	GlobalSection(SolutionProperties) = preSolution
		HideSolutionNode = FALSE
	EndGlobalSection
	GlobalSection(ExtensibilityGlobals) = postSolution
		SolutionGuid = {D1D72E57-A9D1-44C8-9891-DA77BB2248D7}
	EndGlobalSection
EndGlobal
